{
  "name": "Alitronics",
  "lockfileVersion": 3,
  "requires": true,
  "packages": {
    "": {
      "dependencies": {
        "css.gg": "^2.1.1"
      }
    },
    "node_modules/css.gg": {
      "version": "2.1.1",
      "resolved": "https://registry.npmjs.org/css.gg/-/css.gg-2.1.1.tgz",
      "integrity": "sha512-OJrjd4+CdjrLvrVB+EFctAnk7eeM+zc8aKfVlO5BfNBgSqcC9wMHQTZ7ALcCiZGpE62kVVhwQ3Mvl1u6RkVFvQ=="
    }
  }
}
